{
  "nodes": {
    "devenv": {
      "locked": {
        "dir": "src/modules",
        "lastModified": 1789340509,
        "narHash": "sha256-It2AD16uFwiAe9GvuLbk+j+qTDrQxT3XPclL71ZnJ3I=",
        "owner": "cachix",
        "repo": "devenv",
        "rev": "6e830506b517d6a373f2dec6ee8c7f4683908856",
        "type": "github"
      },
      "original": {
        "dir": "src/modules",
        "owner": "cachix",
        "repo": "devenv",
        "rev": "6e830506b517d6a373f2dec6ee8c7f4683908856",
        "type": "github"
      }
    },
    "nixpkgs": {
      "locked": {
        "lastModified": 1789344334,
        "narHash": "sha256-vdhpDJ3Lr24lkZ+fDCjmBRRtw9/vcSzkqGJOJyF5h2U=",
        "owner": "NixOS",
        "repo": "nixpkgs",
        "rev": "c3eea5b2156db11c7eeeada3dc737711255b253e",
        "type": "github"
      },
      "original": {
        "owner": "NixOS",
        "repo": "nixpkgs",
        "rev": "c3eea5b2156db11c7eeeada3dc737711255b253e",
        "type": "github"
      }
    },
    "root": {
      "inputs": {
        "devenv": "devenv",
        "nixpkgs": "nixpkgs"
      }
    }
  },
  "root": "root",
  "version": 7
}