{
  "nodes": {
    "nixpkgs": {
      "locked": {
        "lastModified": 1789344334,
        "narHash": "sha256-vdhpDJ3Lr24lkZ+fDCjmBRRtw9/vcSzkqGJOJyF5h2U=",
        "owner": "NixOS",
        "repo": "nixpkgs",
        "rev": "c3eea5b2156db11c7eeeada3dc737711255b253e",
        "type": "github"
      },
      "original": {
        "owner": "NixOS",
        "repo": "nixpkgs",
        "rev": "c3eea5b2156db11c7eeeada3dc737711255b253e",
        "type": "github"
      }
    },
    "nixpkgs-dev": {
      "locked": {
        "lastModified": 1787394516,
        "narHash": "sha256-pRGOQSClnXNI2iLUG6DYpsGvYcuw0drOutVZFTJNw90=",
        "owner": "NixOS",
        "repo": "nixpkgs",
        "rev": "c8f90650c15282fa8656a041bfbbd2403997a9a7",
        "type": "github"
      },
      "original": {
        "owner": "NixOS",
        "repo": "nixpkgs",
        "rev": "c8f90650c15282fa8656a041bfbbd2403997a9a7",
        "type": "github"
      }
    },
    "root": {
      "inputs": {
        "nixpkgs": "nixpkgs",
        "nixpkgs-dev": "nixpkgs-dev"
      }
    }
  },
  "root": "root",
  "version": 7
}
